
Microsoft Visual Studio Solution File, Format Version 12.00
# Visual Studio Version 16
VisualStudioVersion = 16.0.29403.142
MinimumVisualStudioVersion = 10.0.40219.1
Project("{FAE04EC0-301F-11D3-BF4B-00C04F79EFBC}") = "CloudHeroVirtualAssistant", "CloudHeroVirtualAssistant\CloudHeroVirtualAssistant.csproj", "{281EC7EF-F2F6-4E80-B3FA-3BD62C47FFED}"
EndProject
Project("{FAE04EC0-301F-11D3-BF4B-00C04F79EFBC}") = "CloudHeroVirtualAssistant.Tests", "CloudHeroVirtualAssistant.Tests\CloudHeroVirtualAssistant.Tests.csproj", "{89ED298F-DF3B-441E-8B55-8937F15BE174}"
EndProject
Global
	GlobalSection(SolutionConfigurationPlatforms) = preSolution
		Debug|Any CPU = Debug|Any CPU
		Release|Any CPU = Release|Any CPU
	EndGlobalSection
	GlobalSection(ProjectConfigurationPlatforms) = postSolution
		{281EC7EF-F2F6-4E80-B3FA-3BD62C47FFED}.Debug|Any CPU.ActiveCfg = Debug|Any CPU
		{281EC7EF-F2F6-4E80-B3FA-3BD62C47FFED}.Debug|Any CPU.Build.0 = Debug|Any CPU
		{281EC7EF-F2F6-4E80-B3FA-3BD62C47FFED}.Release|Any CPU.ActiveCfg = Release|Any CPU
		{281EC7EF-F2F6-4E80-B3FA-3BD62C47FFED}.Release|Any CPU.Build.0 = Release|Any CPU
		{89ED298F-DF3B-441E-8B55-8937F15BE174}.Debug|Any CPU.ActiveCfg = Debug|Any CPU
		{89ED298F-DF3B-441E-8B55-8937F15BE174}.Debug|Any CPU.Build.0 = Debug|Any CPU
		{89ED298F-DF3B-441E-8B55-8937F15BE174}.Release|Any CPU.ActiveCfg = Release|Any CPU
		{89ED298F-DF3B-441E-8B55-8937F15BE174}.Release|Any CPU.Build.0 = Release|Any CPU
	EndGlobalSection
	GlobalSection(SolutionProperties) = preSolution
		HideSolutionNode = FALSE
	EndGlobalSection
	GlobalSection(ExtensibilityGlobals) = postSolution
		SolutionGuid = {7F54FD82-BEE7-4393-97B1-F00CD4877F47}
	EndGlobalSection
EndGlobal
